{
  "requires": true,
  "lockfileVersion": 1,
  "dependencies": {
    "ngx-show-hide-password": {
      "version": "1.2.6",
      "resolved": "https://registry.npmjs.org/ngx-show-hide-password/-/ngx-show-hide-password-1.2.6.tgz",
      "integrity": "sha512-WEj/MHiLQe6kKKTA5YN6hO73r7vNHsQyTUWbkORVUH4uuP7Ry2tXctRG6kuZRsUHHXAk4L46pnSGv1Jn4DrWnw=="
    }
  }
}
